
Microsoft Visual Studio Solution File, Format Version 12.00
# Visual Studio Version 17
VisualStudioVersion = 17.7.34009.444
MinimumVisualStudioVersion = 10.0.40219.1
Project("{9A19103F-16F7-4668-BE54-9A1E7A4F7556}") = "ColonelPanic", "ColonelPanic\ColonelPanic.csproj", "{2D1D55CF-984B-4B49-BA0D-FA3941176A49}"
EndProject
Project("{9A19103F-16F7-4668-BE54-9A1E7A4F7556}") = "ColonelPanic.Database", "ColonelPanic.Database\ColonelPanic.Database.csproj", "{12262D4D-5949-4874-8696-2386B4A7ABE8}"
EndProject
Project("{9A19103F-16F7-4668-BE54-9A1E7A4F7556}") = "ColonelPanic.Modules", "ColonelPanic.Modules\ColonelPanic.Modules.csproj", "{FE835A0F-1B15-464D-A1B4-9BDA87310E2D}"
EndProject
Global
	GlobalSection(SolutionConfigurationPlatforms) = preSolution
		Debug|Any CPU = Debug|Any CPU
		Release|Any CPU = Release|Any CPU
	EndGlobalSection
	GlobalSection(ProjectConfigurationPlatforms) = postSolution
		{2D1D55CF-984B-4B49-BA0D-FA3941176A49}.Debug|Any CPU.ActiveCfg = Debug|Any CPU
		{2D1D55CF-984B-4B49-BA0D-FA3941176A49}.Debug|Any CPU.Build.0 = Debug|Any CPU
		{2D1D55CF-984B-4B49-BA0D-FA3941176A49}.Release|Any CPU.ActiveCfg = Release|Any CPU
		{2D1D55CF-984B-4B49-BA0D-FA3941176A49}.Release|Any CPU.Build.0 = Release|Any CPU
		{12262D4D-5949-4874-8696-2386B4A7ABE8}.Debug|Any CPU.ActiveCfg = Debug|Any CPU
		{12262D4D-5949-4874-8696-2386B4A7ABE8}.Debug|Any CPU.Build.0 = Debug|Any CPU
		{12262D4D-5949-4874-8696-2386B4A7ABE8}.Release|Any CPU.ActiveCfg = Release|Any CPU
		{12262D4D-5949-4874-8696-2386B4A7ABE8}.Release|Any CPU.Build.0 = Release|Any CPU
		{FE835A0F-1B15-464D-A1B4-9BDA87310E2D}.Debug|Any CPU.ActiveCfg = Debug|Any CPU
		{FE835A0F-1B15-464D-A1B4-9BDA87310E2D}.Debug|Any CPU.Build.0 = Debug|Any CPU
		{FE835A0F-1B15-464D-A1B4-9BDA87310E2D}.Release|Any CPU.ActiveCfg = Release|Any CPU
		{FE835A0F-1B15-464D-A1B4-9BDA87310E2D}.Release|Any CPU.Build.0 = Release|Any CPU
	EndGlobalSection
	GlobalSection(SolutionProperties) = preSolution
		HideSolutionNode = FALSE
	EndGlobalSection
	GlobalSection(ExtensibilityGlobals) = postSolution
		SolutionGuid = {1BCEB8C5-1D9B-4F83-A64B-39BEBC549861}
	EndGlobalSection
EndGlobal
